// !$*UTF8*$!
{
	archiveVersion = 1;
	classes = {
	};
	objectVersion = 77;
	objects = {

/* Begin PBXContainerItemProxy section */
		CA3EF45C2E43CF1B0070DA6A /* PBXContainerItemProxy */ = {
			isa = PBXContainerItemProxy;
			containerPortal = CA3EF4462E43CF190070DA6A /* Project object */;
			proxyType = 1;
			remoteGlobalIDString = CA3EF44D2E43CF190070DA6A;
			remoteInfo = LLMTest;
		};
		CA3EF4662E43CF1B0070DA6A /* PBXContainerItemProxy */ = {
			isa = PBXContainerItemProxy;
			containerPortal = CA3EF4462E43CF190070DA6A /* Project object */;
			proxyType = 1;
			remoteGlobalIDString = CA3EF44D2E43CF190070DA6A;
			remoteInfo = LLMTest;
		};
/* End PBXContainerItemProxy section */

/* Begin PBXFileReference section */
		CA3EF44E2E43CF190070DA6A /* LLMTest.app */ = {isa = PBXFileReference; explicitFileType = wrapper.application; includeInIndex = 0; path = LLMTest.app; sourceTree = BUILT_PRODUCTS_DIR; };
		CA3EF45B2E43CF1B0070DA6A /* LLMTestTests.xctest */ = {isa = PBXFileReference; explicitFileType = wrapper.cfbundle; includeInIndex = 0; path = LLMTestTests.xctest; sourceTree = BUILT_PRODUCTS_DIR; };
		CA3EF4652E43CF1B0070DA6A /* LLMTestUITests.xctest */ = {isa = PBXFileReference; explicitFileType = wrapper.cfbundle; includeInIndex = 0; path = LLMTestUITests.xctest; sourceTree = BUILT_PRODUCTS_DIR; };
/* End PBXFileReference section */

/* Begin PBXFileSystemSynchronizedRootGroup section */
		CA3EF4502E43CF190070DA6A /* LLMTest */ = {
			isa = PBXFileSystemSynchronizedRootGroup;
			path = LLMTest;
			sourceTree = "<group>";
		};
		CA3EF45E2E43CF1B0070DA6A /* LLMTestTests */ = {
			isa = PBXFileSystemSynchronizedRootGroup;
			path = LLMTestTests;
			sourceTree = "<group>";
		};
		CA3EF4682E43CF1B0070DA6A /* LLMTestUITests */ = {
			isa = PBXFileSystemSynchronizedRootGroup;
			path = LLMTestUITests;
			sourceTree = "<group>";
		};
/* End PBXFileSystemSynchronizedRootGroup section */

/* Begin PBXFrameworksBuildPhase section */
		CA3EF44B2E43CF190070DA6A /* Frameworks */ = {
			isa = PBXFrameworksBuildPhase;
			buildActionMask = 2147483647;
			files = (
			);
			runOnlyForDeploymentPostprocessing = 0;
		};
		CA3EF4582E43CF1B0070DA6A /* Frameworks */ = {
			isa = PBXFrameworksBuildPhase;
			buildActionMask = 2147483647;
			files = (
			);
			runOnlyForDeploymentPostprocessing = 0;
		};
		CA3EF4622E43CF1B0070DA6A /* Frameworks */ = {
			isa = PBXFrameworksBuildPhase;
			buildActionMask = 2147483647;
			files = (
			);
			runOnlyForDeploymentPostprocessing = 0;
		};
/* End PBXFrameworksBuildPhase section */

/* Begin PBXGroup section */
		CA3EF4452E43CF190070DA6A = {
			isa = PBXGroup;
			children = (
				CA3EF4502E43CF190070DA6A /* LLMTest */,
				CA3EF45E2E43CF1B0070DA6A /* LLMTestTests */,
				CA3EF4682E43CF1B0070DA6A /* LLMTestUITests */,
				CA3EF44F2E43CF190070DA6A /* Products */,
			);
			sourceTree = "<group>";
		};
		CA3EF44F2E43CF190070DA6A /* Products */ = {
			isa = PBXGroup;
			children = (
				CA3EF44E2E43CF190070DA6A /* LLMTest.app */,
				CA3EF45B2E43CF1B0070DA6A /* LLMTestTests.xctest */,
				CA3EF4652E43CF1B0070DA6A /* LLMTestUITests.xctest */,
			);
			name = Products;
			sourceTree = "<group>";
		};
/* End PBXGroup section */

/* Begin PBXNativeTarget section */
		CA3EF44D2E43CF190070DA6A /* LLMTest */ = {
			isa = PBXNativeTarget;
			buildConfigurationList = CA3EF46F2E43CF1B0070DA6A /* Build configuration list for PBXNativeTarget "LLMTest" */;
			buildPhases = (
				CA3EF44A2E43CF190070DA6A /* Sources */,
				CA3EF44B2E43CF190070DA6A /* Frameworks */,
				CA3EF44C2E43CF190070DA6A /* Resources */,
			);
			buildRules = (
			);
			dependencies = (
			);
			fileSystemSynchronizedGroups = (
				CA3EF4502E43CF190070DA6A /* LLMTest */,
			);
			name = LLMTest;
			packageProductDependencies = (
			);
			productName = LLMTest;
			productReference = CA3EF44E2E43CF190070DA6A /* LLMTest.app */;
			productType = "com.apple.product-type.application";
		};
		CA3EF45A2E43CF1B0070DA6A /* LLMTestTests */ = {
			isa = PBXNativeTarget;
			buildConfigurationList = CA3EF4722E43CF1B0070DA6A /* Build configuration list for PBXNativeTarget "LLMTestTests" */;
			buildPhases = (
				CA3EF4572E43CF1B0070DA6A /* Sources */,
				CA3EF4582E43CF1B0070DA6A /* Frameworks */,
				CA3EF4592E43CF1B0070DA6A /* Resources */,
			);
			buildRules = (
			);
			dependencies = (
				CA3EF45D2E43CF1B0070DA6A /* PBXTargetDependency */,
			);
			fileSystemSynchronizedGroups = (
				CA3EF45E2E43CF1B0070DA6A /* LLMTestTests */,
			);
			name = LLMTestTests;
			packageProductDependencies = (
			);
			productName = LLMTestTests;
			productReference = CA3EF45B2E43CF1B0070DA6A /* LLMTestTests.xctest */;
			productType = "com.apple.product-type.bundle.unit-test";
		};
		CA3EF4642E43CF1B0070DA6A /* LLMTestUITests */ = {
			isa = PBXNativeTarget;
			buildConfigurationList = CA3EF4752E43CF1B0070DA6A /* Build configuration list for PBXNativeTarget "LLMTestUITests" */;
			buildPhases = (
				CA3EF4612E43CF1B0070DA6A /* Sources */,
				CA3EF4622E43CF1B0070DA6A /* Frameworks */,
				CA3EF4632E43CF1B0070DA6A /* Resources */,
			);
			buildRules = (
			);
			dependencies = (
				CA3EF4672E43CF1B0070DA6A /* PBXTargetDependency */,
			);
			fileSystemSynchronizedGroups = (
				CA3EF4682E43CF1B0070DA6A /* LLMTestUITests */,
			);
			name = LLMTestUITests;
			packageProductDependencies = (
			);
			productName = LLMTestUITests;
			productReference = CA3EF4652E43CF1B0070DA6A /* LLMTestUITests.xctest */;
			productType = "com.apple.product-type.bundle.ui-testing";
		};
/* End PBXNativeTarget section */

/* Begin PBXProject section */
		CA3EF4462E43CF190070DA6A /* Project object */ = {
			isa = PBXProject;
			attributes = {
				BuildIndependentTargetsInParallel = 1;
				LastSwiftUpdateCheck = 1640;
				LastUpgradeCheck = 1640;
				TargetAttributes = {
					CA3EF44D2E43CF190070DA6A = {
						CreatedOnToolsVersion = 16.4;
					};
					CA3EF45A2E43CF1B0070DA6A = {
						CreatedOnToolsVersion = 16.4;
						TestTargetID = CA3EF44D2E43CF190070DA6A;
					};
					CA3EF4642E43CF1B0070DA6A = {
						CreatedOnToolsVersion = 16.4;
						TestTargetID = CA3EF44D2E43CF190070DA6A;
					};
				};
			};
			buildConfigurationList = CA3EF4492E43CF190070DA6A /* Build configuration list for PBXProject "LLMTest" */;
			developmentRegion = en;
			hasScannedForEncodings = 0;
			knownRegions = (
				en,
				Base,
			);
			mainGroup = CA3EF4452E43CF190070DA6A;
			minimizedProjectReferenceProxies = 1;
			packageReferences = (
				CACFFA502E443F2800E9CF33 /* XCRemoteSwiftPackageReference "llama" */,
			);
			preferredProjectObjectVersion = 77;
			productRefGroup = CA3EF44F2E43CF190070DA6A /* Products */;
			projectDirPath = "";
			projectRoot = "";
			targets = (
				CA3EF44D2E43CF190070DA6A /* LLMTest */,
				CA3EF45A2E43CF1B0070DA6A /* LLMTestTests */,
				CA3EF4642E43CF1B0070DA6A /* LLMTestUITests */,
			);
		};
/* End PBXProject section */

/* Begin PBXResourcesBuildPhase section */
		CA3EF44C2E43CF190070DA6A /* Resources */ = {
			isa = PBXResourcesBuildPhase;
			buildActionMask = 2147483647;
			files = (
			);
			runOnlyForDeploymentPostprocessing = 0;
		};
		CA3EF4592E43CF1B0070DA6A /* Resources */ = {
			isa = PBXResourcesBuildPhase;
			buildActionMask = 2147483647;
			files = (
			);
			runOnlyForDeploymentPostprocessing = 0;
		};
		CA3EF4632E43CF1B0070DA6A /* Resources */ = {
			isa = PBXResourcesBuildPhase;
			buildActionMask = 2147483647;
			files = (
			);
			runOnlyForDeploymentPostprocessing = 0;
		};
/* End PBXResourcesBuildPhase section */

/* Begin PBXSourcesBuildPhase section */
		CA3EF44A2E43CF190070DA6A /* Sources */ = {
			isa = PBXSourcesBuildPhase;
			buildActionMask = 2147483647;
			files = (
			);
			runOnlyForDeploymentPostprocessing = 0;
		};
		CA3EF4572E43CF1B0070DA6A /* Sources */ = {
			isa = PBXSourcesBuildPhase;
			buildActionMask = 2147483647;
			files = (
			);
			runOnlyForDeploymentPostprocessing = 0;
		};
		CA3EF4612E43CF1B0070DA6A /* Sources */ = {
			isa = PBXSourcesBuildPhase;
			buildActionMask = 2147483647;
			files = (
			);
			runOnlyForDeploymentPostprocessing = 0;
		};
/* End PBXSourcesBuildPhase section */

/* Begin PBXTargetDependency section */
		CA3EF45D2E43CF1B0070DA6A /* PBXTargetDependency */ = {
			isa = PBXTargetDependency;
			target = CA3EF44D2E43CF190070DA6A /* LLMTest */;
			targetProxy = CA3EF45C2E43CF1B0070DA6A /* PBXContainerItemProxy */;
		};
		CA3EF4672E43CF1B0070DA6A /* PBXTargetDependency */ = {
			isa = PBXTargetDependency;
			target = CA3EF44D2E43CF190070DA6A /* LLMTest */;
			targetProxy = CA3EF4662E43CF1B0070DA6A /* PBXContainerItemProxy */;
		};
/* End PBXTargetDependency section */

/* Begin XCBuildConfiguration section */
		CA3EF46D2E43CF1B0070DA6A /* Debug */ = {
			isa = XCBuildConfiguration;
			buildSettings = {
				ALWAYS_SEARCH_USER_PATHS = NO;
				ASSETCATALOG_COMPILER_GENERATE_SWIFT_ASSET_SYMBOL_EXTENSIONS = YES;
				CLANG_ANALYZER_NONNULL = YES;
				CLANG_ANALYZER_NUMBER_OBJECT_CONVERSION = YES_AGGRESSIVE;
				CLANG_CXX_LANGUAGE_STANDARD = "gnu++20";
				CLANG_ENABLE_MODULES = YES;
				CLANG_ENABLE_OBJC_ARC = YES;
				CLANG_ENABLE_OBJC_WEAK = YES;
				CLANG_WARN_BLOCK_CAPTURE_AUTORELEASING = YES;
				CLANG_WARN_BOOL_CONVERSION = YES;
				CLANG_WARN_COMMA = YES;
				CLANG_WARN_CONSTANT_CONVERSION = YES;
				CLANG_WARN_DEPRECATED_OBJC_IMPLEMENTATIONS = YES;
				CLANG_WARN_DIRECT_OBJC_ISA_USAGE = YES_ERROR;
				CLANG_WARN_DOCUMENTATION_COMMENTS = YES;
				CLANG_WARN_EMPTY_BODY = YES;
				CLANG_WARN_ENUM_CONVERSION = YES;
				CLANG_WARN_INFINITE_RECURSION = YES;
				CLANG_WARN_INT_CONVERSION = YES;
				CLANG_WARN_NON_LITERAL_NULL_CONVERSION = YES;
				CLANG_WARN_OBJC_IMPLICIT_RETAIN_SELF = YES;
				CLANG_WARN_OBJC_LITERAL_CONVERSION = YES;
				CLANG_WARN_OBJC_ROOT_CLASS = YES_ERROR;
				CLANG_WARN_QUOTED_INCLUDE_IN_FRAMEWORK_HEADER = YES;
				CLANG_WARN_RANGE_LOOP_ANALYSIS = YES;
				CLANG_WARN_STRICT_PROTOTYPES = YES;
				CLANG_WARN_SUSPICIOUS_MOVE = YES;
				CLANG_WARN_UNGUARDED_AVAILABILITY = YES_AGGRESSIVE;
				CLANG_WARN_UNREACHABLE_CODE = YES;
				CLANG_WARN__DUPLICATE_METHOD_MATCH = YES;
				COPY_PHASE_STRIP = NO;
				DEBUG_INFORMATION_FORMAT = dwarf;
				DEVELOPMENT_TEAM = A4CQ5LWZW7;
				ENABLE_STRICT_OBJC_MSGSEND = YES;
				ENABLE_TESTABILITY = YES;
				ENABLE_USER_SCRIPT_SANDBOXING = YES;
				GCC_C_LANGUAGE_STANDARD = gnu17;
				GCC_DYNAMIC_NO_PIC = NO;
				GCC_NO_COMMON_BLOCKS = YES;
				GCC_OPTIMIZATION_LEVEL = 0;
				GCC_PREPROCESSOR_DEFINITIONS = (
					"DEBUG=1",
					"$(inherited)",
				);
				GCC_WARN_64_TO_32_BIT_CONVERSION = YES;
				GCC_WARN_ABOUT_RETURN_TYPE = YES_ERROR;
				GCC_WARN_UNDECLARED_SELECTOR = YES;
				GCC_WARN_UNINITIALIZED_AUTOS = YES_AGGRESSIVE;
				GCC_WARN_UNUSED_FUNCTION = YES;
				GCC_WARN_UNUSED_VARIABLE = YES;
				IPHONEOS_DEPLOYMENT_TARGET = 18.5;
				LOCALIZATION_PREFERS_STRING_CATALOGS = YES;
				MTL_ENABLE_DEBUG_INFO = INCLUDE_SOURCE;
				MTL_FAST_MATH = YES;
				ONLY_ACTIVE_ARCH = YES;
				SDKROOT = iphoneos;
				SWIFT_ACTIVE_COMPILATION_CONDITIONS = "DEBUG $(inherited)";
				SWIFT_OBJC_INTEROP_MODE = objc;
				SWIFT_OPTIMIZATION_LEVEL = "-Onone";
			};
			name = Debug;
		};
		CA3EF46E2E43CF1B0070DA6A /* Release */ = {
			isa = XCBuildConfiguration;
			buildSettings = {
				ALWAYS_SEARCH_USER_PATHS = NO;
				ASSETCATALOG_COMPILER_GENERATE_SWIFT_ASSET_SYMBOL_EXTENSIONS = YES;
				CLANG_ANALYZER_NONNULL = YES;
				CLANG_ANALYZER_NUMBER_OBJECT_CONVERSION = YES_AGGRESSIVE;
				CLANG_CXX_LANGUAGE_STANDARD = "gnu++20";
				CLANG_ENABLE_MODULES = YES;
				CLANG_ENABLE_OBJC_ARC = YES;
				CLANG_ENABLE_OBJC_WEAK = YES;
				CLANG_WARN_BLOCK_CAPTURE_AUTORELEASING = YES;
				CLANG_WARN_BOOL_CONVERSION = YES;
				CLANG_WARN_COMMA = YES;
				CLANG_WARN_CONSTANT_CONVERSION = YES;
				CLANG_WARN_DEPRECATED_OBJC_IMPLEMENTATIONS = YES;
				CLANG_WARN_DIRECT_OBJC_ISA_USAGE = YES_ERROR;
				CLANG_WARN_DOCUMENTATION_COMMENTS = YES;
				CLANG_WARN_EMPTY_BODY = YES;
				CLANG_WARN_ENUM_CONVERSION = YES;
				CLANG_WARN_INFINITE_RECURSION = YES;
				CLANG_WARN_INT_CONVERSION = YES;
				CLANG_WARN_NON_LITERAL_NULL_CONVERSION = YES;
				CLANG_WARN_OBJC_IMPLICIT_RETAIN_SELF = YES;
				CLANG_WARN_OBJC_LITERAL_CONVERSION = YES;
				CLANG_WARN_OBJC_ROOT_CLASS = YES_ERROR;
				CLANG_WARN_QUOTED_INCLUDE_IN_FRAMEWORK_HEADER = YES;
				CLANG_WARN_RANGE_LOOP_ANALYSIS = YES;
				CLANG_WARN_STRICT_PROTOTYPES = YES;
				CLANG_WARN_SUSPICIOUS_MOVE = YES;
				CLANG_WARN_UNGUARDED_AVAILABILITY = YES_AGGRESSIVE;
				CLANG_WARN_UNREACHABLE_CODE = YES;
				CLANG_WARN__DUPLICATE_METHOD_MATCH = YES;
				COPY_PHASE_STRIP = NO;
				DEBUG_INFORMATION_FORMAT = "dwarf-with-dsym";
				DEVELOPMENT_TEAM = A4CQ5LWZW7;
				ENABLE_NS_ASSERTIONS = NO;
				ENABLE_STRICT_OBJC_MSGSEND = YES;
				ENABLE_USER_SCRIPT_SANDBOXING = YES;
				GCC_C_LANGUAGE_STANDARD = gnu17;
				GCC_NO_COMMON_BLOCKS = YES;
				GCC_WARN_64_TO_32_BIT_CONVERSION = YES;
				GCC_WARN_ABOUT_RETURN_TYPE = YES_ERROR;
				GCC_WARN_UNDECLARED_SELECTOR = YES;
				GCC_WARN_UNINITIALIZED_AUTOS = YES_AGGRESSIVE;
				GCC_WARN_UNUSED_FUNCTION = YES;
				GCC_WARN_UNUSED_VARIABLE = YES;
				IPHONEOS_DEPLOYMENT_TARGET = 18.5;
				LOCALIZATION_PREFERS_STRING_CATALOGS = YES;
				MTL_ENABLE_DEBUG_INFO = NO;
				MTL_FAST_MATH = YES;
				SDKROOT = iphoneos;
				SWIFT_COMPILATION_MODE = wholemodule;
				SWIFT_OBJC_INTEROP_MODE = objc;
				VALIDATE_PRODUCT = YES;
			};
			name = Release;
		};
		CA3EF4702E43CF1B0070DA6A /* Debug */ = {
			isa = XCBuildConfiguration;
			buildSettings = {
				ASSETCATALOG_COMPILER_APPICON_NAME = AppIcon;
				ASSETCATALOG_COMPILER_GLOBAL_ACCENT_COLOR_NAME = AccentColor;
				CODE_SIGN_IDENTITY = "Apple Development";
				CODE_SIGN_STYLE = Automatic;
				CURRENT_PROJECT_VERSION = 1;
				DEVELOPMENT_TEAM = A4CQ5LWZW7;
				ENABLE_PREVIEWS = YES;
				GENERATE_INFOPLIST_FILE = YES;
				INFOPLIST_KEY_UIApplicationSceneManifest_Generation = YES;
				INFOPLIST_KEY_UIApplicationSupportsIndirectInputEvents = YES;
				INFOPLIST_KEY_UILaunchScreen_Generation = YES;
				INFOPLIST_KEY_UISupportedInterfaceOrientations_iPad = "UIInterfaceOrientationPortrait UIInterfaceOrientationPortraitUpsideDown UIInterfaceOrientationLandscapeLeft UIInterfaceOrientationLandscapeRight";
				INFOPLIST_KEY_UISupportedInterfaceOrientations_iPhone = "UIInterfaceOrientationPortrait UIInterfaceOrientationLandscapeLeft UIInterfaceOrientationLandscapeRight";
				LD_RUNPATH_SEARCH_PATHS = (
					"$(inherited)",
					"@executable_path/Frameworks",
				);
				MARKETING_VERSION = 1.0;
				PRODUCT_BUNDLE_IDENTIFIER = in.uttam.LLMTest;
				PRODUCT_NAME = "$(TARGET_NAME)";
				PROVISIONING_PROFILE_SPECIFIER = "";
				SWIFT_EMIT_LOC_STRINGS = YES;
				SWIFT_VERSION = 5.0;
				TARGETED_DEVICE_FAMILY = "1,2";
			};
			name = Debug;
		};
		CA3EF4712E43CF1B0070DA6A /* Release */ = {
			isa = XCBuildConfiguration;
			buildSettings = {
				ASSETCATALOG_COMPILER_APPICON_NAME = AppIcon;
				ASSETCATALOG_COMPILER_GLOBAL_ACCENT_COLOR_NAME = AccentColor;
				CODE_SIGN_IDENTITY = "Apple Development";
				CODE_SIGN_STYLE = Automatic;
				CURRENT_PROJECT_VERSION = 1;
				DEVELOPMENT_TEAM = A4CQ5LWZW7;
				ENABLE_PREVIEWS = YES;
				GENERATE_INFOPLIST_FILE = YES;
				INFOPLIST_KEY_UIApplicationSceneManifest_Generation = YES;
				INFOPLIST_KEY_UIApplicationSupportsIndirectInputEvents = YES;
				INFOPLIST_KEY_UILaunchScreen_Generation = YES;
				INFOPLIST_KEY_UISupportedInterfaceOrientations_iPad = "UIInterfaceOrientationPortrait UIInterfaceOrientationPortraitUpsideDown UIInterfaceOrientationLandscapeLeft UIInterfaceOrientationLandscapeRight";
				INFOPLIST_KEY_UISupportedInterfaceOrientations_iPhone = "UIInterfaceOrientationPortrait UIInterfaceOrientationLandscapeLeft UIInterfaceOrientationLandscapeRight";
				LD_RUNPATH_SEARCH_PATHS = (
					"$(inherited)",
					"@executable_path/Frameworks",
				);
				MARKETING_VERSION = 1.0;
				PRODUCT_BUNDLE_IDENTIFIER = in.uttam.LLMTest;
				PRODUCT_NAME = "$(TARGET_NAME)";
				PROVISIONING_PROFILE_SPECIFIER = "";
				SWIFT_EMIT_LOC_STRINGS = YES;
				SWIFT_VERSION = 5.0;
				TARGETED_DEVICE_FAMILY = "1,2";
			};
			name = Release;
		};
		CA3EF4732E43CF1B0070DA6A /* Debug */ = {
			isa = XCBuildConfiguration;
			buildSettings = {
				BUNDLE_LOADER = "$(TEST_HOST)";
				CODE_SIGN_STYLE = Automatic;
				CURRENT_PROJECT_VERSION = 1;
				DEVELOPMENT_TEAM = A4CQ5LWZW7;
				GENERATE_INFOPLIST_FILE = YES;
				IPHONEOS_DEPLOYMENT_TARGET = 18.5;
				MARKETING_VERSION = 1.0;
				PRODUCT_BUNDLE_IDENTIFIER = com.uttam.LLMTestTests;
				PRODUCT_NAME = "$(TARGET_NAME)";
				SWIFT_EMIT_LOC_STRINGS = NO;
				SWIFT_VERSION = 5.0;
				TARGETED_DEVICE_FAMILY = "1,2";
				TEST_HOST = "$(BUILT_PRODUCTS_DIR)/LLMTest.app/$(BUNDLE_EXECUTABLE_FOLDER_PATH)/LLMTest";
			};
			name = Debug;
		};
		CA3EF4742E43CF1B0070DA6A /* Release */ = {
			isa = XCBuildConfiguration;
			buildSettings = {
				BUNDLE_LOADER = "$(TEST_HOST)";
				CODE_SIGN_STYLE = Automatic;
				CURRENT_PROJECT_VERSION = 1;
				DEVELOPMENT_TEAM = A4CQ5LWZW7;
				GENERATE_INFOPLIST_FILE = YES;
				IPHONEOS_DEPLOYMENT_TARGET = 18.5;
				MARKETING_VERSION = 1.0;
				PRODUCT_BUNDLE_IDENTIFIER = com.uttam.LLMTestTests;
				PRODUCT_NAME = "$(TARGET_NAME)";
				SWIFT_EMIT_LOC_STRINGS = NO;
				SWIFT_VERSION = 5.0;
				TARGETED_DEVICE_FAMILY = "1,2";
				TEST_HOST = "$(BUILT_PRODUCTS_DIR)/LLMTest.app/$(BUNDLE_EXECUTABLE_FOLDER_PATH)/LLMTest";
			};
			name = Release;
		};
		CA3EF4762E43CF1B0070DA6A /* Debug */ = {
			isa = XCBuildConfiguration;
			buildSettings = {
				CODE_SIGN_STYLE = Automatic;
				CURRENT_PROJECT_VERSION = 1;
				DEVELOPMENT_TEAM = A4CQ5LWZW7;
				GENERATE_INFOPLIST_FILE = YES;
				MARKETING_VERSION = 1.0;
				PRODUCT_BUNDLE_IDENTIFIER = com.uttam.LLMTestUITests;
				PRODUCT_NAME = "$(TARGET_NAME)";
				SWIFT_EMIT_LOC_STRINGS = NO;
				SWIFT_VERSION = 5.0;
				TARGETED_DEVICE_FAMILY = "1,2";
				TEST_TARGET_NAME = LLMTest;
			};
			name = Debug;
		};
		CA3EF4772E43CF1B0070DA6A /* Release */ = {
			isa = XCBuildConfiguration;
			buildSettings = {
				CODE_SIGN_STYLE = Automatic;
				CURRENT_PROJECT_VERSION = 1;
				DEVELOPMENT_TEAM = A4CQ5LWZW7;
				GENERATE_INFOPLIST_FILE = YES;
				MARKETING_VERSION = 1.0;
				PRODUCT_BUNDLE_IDENTIFIER = com.uttam.LLMTestUITests;
				PRODUCT_NAME = "$(TARGET_NAME)";
				SWIFT_EMIT_LOC_STRINGS = NO;
				SWIFT_VERSION = 5.0;
				TARGETED_DEVICE_FAMILY = "1,2";
				TEST_TARGET_NAME = LLMTest;
			};
			name = Release;
		};
/* End XCBuildConfiguration section */

/* Begin XCConfigurationList section */
		CA3EF4492E43CF190070DA6A /* Build configuration list for PBXProject "LLMTest" */ = {
			isa = XCConfigurationList;
			buildConfigurations = (
				CA3EF46D2E43CF1B0070DA6A /* Debug */,
				CA3EF46E2E43CF1B0070DA6A /* Release */,
			);
			defaultConfigurationIsVisible = 0;
			defaultConfigurationName = Release;
		};
		CA3EF46F2E43CF1B0070DA6A /* Build configuration list for PBXNativeTarget "LLMTest" */ = {
			isa = XCConfigurationList;
			buildConfigurations = (
				CA3EF4702E43CF1B0070DA6A /* Debug */,
				CA3EF4712E43CF1B0070DA6A /* Release */,
			);
			defaultConfigurationIsVisible = 0;
			defaultConfigurationName = Release;
		};
		CA3EF4722E43CF1B0070DA6A /* Build configuration list for PBXNativeTarget "LLMTestTests" */ = {
			isa = XCConfigurationList;
			buildConfigurations = (
				CA3EF4732E43CF1B0070DA6A /* Debug */,
				CA3EF4742E43CF1B0070DA6A /* Release */,
			);
			defaultConfigurationIsVisible = 0;
			defaultConfigurationName = Release;
		};
		CA3EF4752E43CF1B0070DA6A /* Build configuration list for PBXNativeTarget "LLMTestUITests" */ = {
			isa = XCConfigurationList;
			buildConfigurations = (
				CA3EF4762E43CF1B0070DA6A /* Debug */,
				CA3EF4772E43CF1B0070DA6A /* Release */,
			);
			defaultConfigurationIsVisible = 0;
			defaultConfigurationName = Release;
		};
/* End XCConfigurationList section */

/* Begin XCRemoteSwiftPackageReference section */
		CACFFA502E443F2800E9CF33 /* XCRemoteSwiftPackageReference "llama" */ = {
			isa = XCRemoteSwiftPackageReference;
			repositoryURL = "https://github.com/StanfordBDHG/llama.cpp";
			requirement = {
				kind = upToNextMajorVersion;
				minimumVersion = 0.3.3;
			};
		};
/* End XCRemoteSwiftPackageReference section */
	};
	rootObject = CA3EF4462E43CF190070DA6A /* Project object */;
}
